
Microsoft Visual Studio Solution File, Format Version 12.00
Project("{FAE04EC0-301F-11D3-BF4B-00C04F79EFBC}") = "BullyBot", "BullyBot.csproj", "{81675888-686A-4C3D-882A-A35571336961}"
EndProject
Global
	GlobalSection(SolutionConfigurationPlatforms) = preSolution
		Debug|Any CPU = Debug|Any CPU
		Release|Any CPU = Release|Any CPU
	EndGlobalSection
	GlobalSection(ProjectConfigurationPlatforms) = postSolution
		{81675888-686A-4C3D-882A-A35571336961}.Debug|Any CPU.ActiveCfg = Debug|Any CPU
		{81675888-686A-4C3D-882A-A35571336961}.Debug|Any CPU.Build.0 = Debug|Any CPU
		{81675888-686A-4C3D-882A-A35571336961}.Release|Any CPU.ActiveCfg = Release|Any CPU
		{81675888-686A-4C3D-882A-A35571336961}.Release|Any CPU.Build.0 = Release|Any CPU
	EndGlobalSection
EndGlobal
